
Microsoft Visual Studio Solution File, Format Version 12.00
# Visual Studio Version 16
VisualStudioVersion = 16.0.30413.136
MinimumVisualStudioVersion = 10.0.40219.1
Project("{8BC9CEB8-8B4A-11D0-8D11-00A0C91BC942}") = "TiXRsz", "TixRsz.vcxproj", "{582CF4CB-CF26-43AB-8ECA-B2F318B2A51E}"
EndProject
Global
	GlobalSection(SolutionConfigurationPlatforms) = preSolution
		Release|x64 = Release|x64
	EndGlobalSection
	GlobalSection(ProjectConfigurationPlatforms) = postSolution
		{582CF4CB-CF26-43AB-8ECA-B2F318B2A51E}.Release|x64.ActiveCfg = Release|x64
		{582CF4CB-CF26-43AB-8ECA-B2F318B2A51E}.Release|x64.Build.0 = Release|x64
		{582CF4CB-CF26-43AB-8ECA-B2F318B2A51E}.Release|x64.Deploy.0 = Release|x64
	EndGlobalSection
	GlobalSection(SolutionProperties) = preSolution
		HideSolutionNode = FALSE
	EndGlobalSection
	GlobalSection(ExtensibilityGlobals) = postSolution
		SolutionGuid = {89B88DA9-98D8-40B8-8E8D-2F3AAAC4C526}
	EndGlobalSection
EndGlobal
